
Microsoft Visual Studio Solution File, Format Version 12.00
# Visual Studio Version 16
VisualStudioVersion = 16.0.30204.135
MinimumVisualStudioVersion = 10.0.40219.1
Project("{FAE04EC0-301F-11D3-BF4B-00C04F79EFBC}") = "Lab 2 - Room Calculator", "Lab 2 - Room Calculator\Lab 2 - Room Calculator.csproj", "{BEDEBED3-993A-4714-A500-C89C164DEC04}"
EndProject
Global
	GlobalSection(SolutionConfigurationPlatforms) = preSolution
		Debug|Any CPU = Debug|Any CPU
		Release|Any CPU = Release|Any CPU
	EndGlobalSection
	GlobalSection(ProjectConfigurationPlatforms) = postSolution
		{BEDEBED3-993A-4714-A500-C89C164DEC04}.Debug|Any CPU.ActiveCfg = Debug|Any CPU
		{BEDEBED3-993A-4714-A500-C89C164DEC04}.Debug|Any CPU.Build.0 = Debug|Any CPU
		{BEDEBED3-993A-4714-A500-C89C164DEC04}.Release|Any CPU.ActiveCfg = Release|Any CPU
		{BEDEBED3-993A-4714-A500-C89C164DEC04}.Release|Any CPU.Build.0 = Release|Any CPU
	EndGlobalSection
	GlobalSection(SolutionProperties) = preSolution
		HideSolutionNode = FALSE
	EndGlobalSection
	GlobalSection(ExtensibilityGlobals) = postSolution
		SolutionGuid = {81DBC6A1-315F-4204-90FF-5E6FFB8A6EC9}
	EndGlobalSection
EndGlobal
